// !$*UTF8*$!
{
	archiveVersion = 1;
	classes = {
	};
	objectVersion = 56;
	objects = {

/* Begin PBXBuildFile section */
		53BD10A729DC5B8E00343AD8 /* QuickLook.framework in Frameworks */ = {isa = PBXBuildFile; fileRef = 53BD10A629DC5B8E00343AD8 /* QuickLook.framework */; };
		53BD10AA29DC5B8E00343AD8 /* PreviewViewController.swift in Sources */ = {isa = PBXBuildFile; fileRef = 53BD10A929DC5B8E00343AD8 /* PreviewViewController.swift */; };
		53BD10AF29DC5B8E00343AD8 /* MainInterface.storyboard in Resources */ = {isa = PBXBuildFile; fileRef = 53BD10AD29DC5B8E00343AD8 /* MainInterface.storyboard */; };
		53BD10B329DC5B8E00343AD8 /* SpotlightPreview.appex in Embed Foundation Extensions */ = {isa = PBXBuildFile; fileRef = 53BD10A429DC5B8E00343AD8 /* SpotlightPreview.appex */; settings = {ATTRIBUTES = (RemoveHeadersOnCopy, ); }; };
		53E784A528D79CAD00646650 /* My_App.swift in Sources */ = {isa = PBXBuildFile; fileRef = 53E784A428D79CAD00646650 /* My_App.swift */; };
		53E784A728D79CAD00646650 /* ContentView.swift in Sources */ = {isa = PBXBuildFile; fileRef = 53E784A628D79CAD00646650 /* ContentView.swift */; };
		53E784A928D79CAE00646650 /* Assets.xcassets in Resources */ = {isa = PBXBuildFile; fileRef = 53E784A828D79CAE00646650 /* Assets.xcassets */; };
		53E784AC28D79CAE00646650 /* Preview Assets.xcassets in Resources */ = {isa = PBXBuildFile; fileRef = 53E784AB28D79CAE00646650 /* Preview Assets.xcassets */; };
		53E784B328D7ADD500646650 /* DetailView.swift in Sources */ = {isa = PBXBuildFile; fileRef = 53E784B228D7ADD500646650 /* DetailView.swift */; };
/* End PBXBuildFile section */

/* Begin PBXContainerItemProxy section */
		53BD10B129DC5B8E00343AD8 /* PBXContainerItemProxy */ = {
			isa = PBXContainerItemProxy;
			containerPortal = 53E7849928D79CAD00646650 /* Project object */;
			proxyType = 1;
			remoteGlobalIDString = 53BD10A329DC5B8E00343AD8;
			remoteInfo = SpotlightPreview;
		};
/* End PBXContainerItemProxy section */

/* Begin PBXCopyFilesBuildPhase section */
		53BD10B429DC5B8E00343AD8 /* Embed Foundation Extensions */ = {
			isa = PBXCopyFilesBuildPhase;
			buildActionMask = 2147483647;
			dstPath = "";
			dstSubfolderSpec = 13;
			files = (
				53BD10B329DC5B8E00343AD8 /* SpotlightPreview.appex in Embed Foundation Extensions */,
			);
			name = "Embed Foundation Extensions";
			runOnlyForDeploymentPostprocessing = 0;
		};
/* End PBXCopyFilesBuildPhase section */

/* Begin PBXFileReference section */
		53147F2C298E756F008CE934 /* My-App-Info.plist */ = {isa = PBXFileReference; lastKnownFileType = text.plist; path = "My-App-Info.plist"; sourceTree = SOURCE_ROOT; };
		53BD10A429DC5B8E00343AD8 /* SpotlightPreview.appex */ = {isa = PBXFileReference; explicitFileType = "wrapper.app-extension"; includeInIndex = 0; path = SpotlightPreview.appex; sourceTree = BUILT_PRODUCTS_DIR; };
		53BD10A629DC5B8E00343AD8 /* QuickLook.framework */ = {isa = PBXFileReference; lastKnownFileType = wrapper.framework; name = QuickLook.framework; path = System/Library/Frameworks/QuickLook.framework; sourceTree = SDKROOT; };
		53BD10A929DC5B8E00343AD8 /* PreviewViewController.swift */ = {isa = PBXFileReference; lastKnownFileType = sourcecode.swift; path = PreviewViewController.swift; sourceTree = "<group>"; };
		53BD10AE29DC5B8E00343AD8 /* Base */ = {isa = PBXFileReference; lastKnownFileType = file.storyboard; name = Base; path = Base.lproj/MainInterface.storyboard; sourceTree = "<group>"; };
		53BD10B029DC5B8E00343AD8 /* Info.plist */ = {isa = PBXFileReference; lastKnownFileType = text.plist.xml; path = Info.plist; sourceTree = "<group>"; };
		53E784A128D79CAD00646650 /* My App.app */ = {isa = PBXFileReference; explicitFileType = wrapper.application; includeInIndex = 0; path = "My App.app"; sourceTree = BUILT_PRODUCTS_DIR; };
		53E784A428D79CAD00646650 /* My_App.swift */ = {isa = PBXFileReference; lastKnownFileType = sourcecode.swift; path = My_App.swift; sourceTree = "<group>"; };
		53E784A628D79CAD00646650 /* ContentView.swift */ = {isa = PBXFileReference; lastKnownFileType = sourcecode.swift; path = ContentView.swift; sourceTree = "<group>"; };
		53E784A828D79CAE00646650 /* Assets.xcassets */ = {isa = PBXFileReference; lastKnownFileType = folder.assetcatalog; path = Assets.xcassets; sourceTree = "<group>"; };
		53E784AB28D79CAE00646650 /* Preview Assets.xcassets */ = {isa = PBXFileReference; lastKnownFileType = folder.assetcatalog; path = "Preview Assets.xcassets"; sourceTree = "<group>"; };
		53E784B228D7ADD500646650 /* DetailView.swift */ = {isa = PBXFileReference; lastKnownFileType = sourcecode.swift; path = DetailView.swift; sourceTree = "<group>"; };
/* End PBXFileReference section */

/* Begin PBXFrameworksBuildPhase section */
		53BD10A129DC5B8E00343AD8 /* Frameworks */ = {
			isa = PBXFrameworksBuildPhase;
			buildActionMask = 2147483647;
			files = (
				53BD10A729DC5B8E00343AD8 /* QuickLook.framework in Frameworks */,
			);
			runOnlyForDeploymentPostprocessing = 0;
		};
		53E7849E28D79CAD00646650 /* Frameworks */ = {
			isa = PBXFrameworksBuildPhase;
			buildActionMask = 2147483647;
			files = (
			);
			runOnlyForDeploymentPostprocessing = 0;
		};
/* End PBXFrameworksBuildPhase section */

/* Begin PBXGroup section */
		53BD10A529DC5B8E00343AD8 /* Frameworks */ = {
			isa = PBXGroup;
			children = (
				53BD10A629DC5B8E00343AD8 /* QuickLook.framework */,
			);
			name = Frameworks;
			sourceTree = "<group>";
		};
		53BD10A829DC5B8E00343AD8 /* SpotlightPreview */ = {
			isa = PBXGroup;
			children = (
				53BD10A929DC5B8E00343AD8 /* PreviewViewController.swift */,
				53BD10AD29DC5B8E00343AD8 /* MainInterface.storyboard */,
				53BD10B029DC5B8E00343AD8 /* Info.plist */,
			);
			path = SpotlightPreview;
			sourceTree = "<group>";
		};
		53E7849828D79CAD00646650 = {
			isa = PBXGroup;
			children = (
				53E784A328D79CAD00646650 /* My App */,
				53BD10A829DC5B8E00343AD8 /* SpotlightPreview */,
				53BD10A529DC5B8E00343AD8 /* Frameworks */,
				53E784A228D79CAD00646650 /* Products */,
			);
			sourceTree = "<group>";
		};
		53E784A228D79CAD00646650 /* Products */ = {
			isa = PBXGroup;
			children = (
				53E784A128D79CAD00646650 /* My App.app */,
				53BD10A429DC5B8E00343AD8 /* SpotlightPreview.appex */,
			);
			name = Products;
			sourceTree = "<group>";
		};
		53E784A328D79CAD00646650 /* My App */ = {
			isa = PBXGroup;
			children = (
				53E784A428D79CAD00646650 /* My_App.swift */,
				53E784A628D79CAD00646650 /* ContentView.swift */,
				53E784B228D7ADD500646650 /* DetailView.swift */,
				53E784A828D79CAE00646650 /* Assets.xcassets */,
				53147F2C298E756F008CE934 /* My-App-Info.plist */,
				53E784AA28D79CAE00646650 /* Preview Content */,
			);
			path = "My App";
			sourceTree = "<group>";
		};
		53E784AA28D79CAE00646650 /* Preview Content */ = {
			isa = PBXGroup;
			children = (
				53E784AB28D79CAE00646650 /* Preview Assets.xcassets */,
			);
			path = "Preview Content";
			sourceTree = "<group>";
		};
/* End PBXGroup section */

/* Begin PBXNativeTarget section */
		53BD10A329DC5B8E00343AD8 /* SpotlightPreview */ = {
			isa = PBXNativeTarget;
			buildConfigurationList = 53BD10B729DC5B8E00343AD8 /* Build configuration list for PBXNativeTarget "SpotlightPreview" */;
			buildPhases = (
				53BD10A029DC5B8E00343AD8 /* Sources */,
				53BD10A129DC5B8E00343AD8 /* Frameworks */,
				53BD10A229DC5B8E00343AD8 /* Resources */,
			);
			buildRules = (
			);
			dependencies = (
			);
			name = SpotlightPreview;
			productName = SpotlightPreview;
			productReference = 53BD10A429DC5B8E00343AD8 /* SpotlightPreview.appex */;
			productType = "com.apple.product-type.app-extension";
		};
		53E784A028D79CAD00646650 /* My App */ = {
			isa = PBXNativeTarget;
			buildConfigurationList = 53E784AF28D79CAE00646650 /* Build configuration list for PBXNativeTarget "My App" */;
			buildPhases = (
				53E7849D28D79CAD00646650 /* Sources */,
				53E7849E28D79CAD00646650 /* Frameworks */,
				53E7849F28D79CAD00646650 /* Resources */,
				53BD10B429DC5B8E00343AD8 /* Embed Foundation Extensions */,
			);
			buildRules = (
			);
			dependencies = (
				53BD10B229DC5B8E00343AD8 /* PBXTargetDependency */,
			);
			name = "My App";
			productName = "My App";
			productReference = 53E784A128D79CAD00646650 /* My App.app */;
			productType = "com.apple.product-type.application";
		};
/* End PBXNativeTarget section */

/* Begin PBXProject section */
		53E7849928D79CAD00646650 /* Project object */ = {
			isa = PBXProject;
			attributes = {
				BuildIndependentTargetsInParallel = 1;
				LastSwiftUpdateCheck = 1420;
				LastUpgradeCheck = 1400;
				TargetAttributes = {
					53BD10A329DC5B8E00343AD8 = {
						CreatedOnToolsVersion = 14.2;
					};
					53E784A028D79CAD00646650 = {
						CreatedOnToolsVersion = 14.0;
					};
				};
			};
			buildConfigurationList = 53E7849C28D79CAD00646650 /* Build configuration list for PBXProject "My App" */;
			compatibilityVersion = "Xcode 14.0";
			developmentRegion = en;
			hasScannedForEncodings = 0;
			knownRegions = (
				en,
				Base,
			);
			mainGroup = 53E7849828D79CAD00646650;
			productRefGroup = 53E784A228D79CAD00646650 /* Products */;
			projectDirPath = "";
			projectRoot = "";
			targets = (
				53E784A028D79CAD00646650 /* My App */,
				53BD10A329DC5B8E00343AD8 /* SpotlightPreview */,
			);
		};
/* End PBXProject section */

/* Begin PBXResourcesBuildPhase section */
		53BD10A229DC5B8E00343AD8 /* Resources */ = {
			isa = PBXResourcesBuildPhase;
			buildActionMask = 2147483647;
			files = (
				53BD10AF29DC5B8E00343AD8 /* MainInterface.storyboard in Resources */,
			);
			runOnlyForDeploymentPostprocessing = 0;
		};
		53E7849F28D79CAD00646650 /* Resources */ = {
			isa = PBXResourcesBuildPhase;
			buildActionMask = 2147483647;
			files = (
				53E784AC28D79CAE00646650 /* Preview Assets.xcassets in Resources */,
				53E784A928D79CAE00646650 /* Assets.xcassets in Resources */,
			);
			runOnlyForDeploymentPostprocessing = 0;
		};
/* End PBXResourcesBuildPhase section */

/* Begin PBXSourcesBuildPhase section */
		53BD10A029DC5B8E00343AD8 /* Sources */ = {
			isa = PBXSourcesBuildPhase;
			buildActionMask = 2147483647;
			files = (
				53BD10AA29DC5B8E00343AD8 /* PreviewViewController.swift in Sources */,
			);
			runOnlyForDeploymentPostprocessing = 0;
		};
		53E7849D28D79CAD00646650 /* Sources */ = {
			isa = PBXSourcesBuildPhase;
			buildActionMask = 2147483647;
			files = (
				53E784A728D79CAD00646650 /* ContentView.swift in Sources */,
				53E784B328D7ADD500646650 /* DetailView.swift in Sources */,
				53E784A528D79CAD00646650 /* My_App.swift in Sources */,
			);
			runOnlyForDeploymentPostprocessing = 0;
		};
/* End PBXSourcesBuildPhase section */

/* Begin PBXTargetDependency section */
		53BD10B229DC5B8E00343AD8 /* PBXTargetDependency */ = {
			isa = PBXTargetDependency;
			target = 53BD10A329DC5B8E00343AD8 /* SpotlightPreview */;
			targetProxy = 53BD10B129DC5B8E00343AD8 /* PBXContainerItemProxy */;
		};
/* End PBXTargetDependency section */

/* Begin PBXVariantGroup section */
		53BD10AD29DC5B8E00343AD8 /* MainInterface.storyboard */ = {
			isa = PBXVariantGroup;
			children = (
				53BD10AE29DC5B8E00343AD8 /* Base */,
			);
			name = MainInterface.storyboard;
			sourceTree = "<group>";
		};
/* End PBXVariantGroup section */

/* Begin XCBuildConfiguration section */
		53BD10B529DC5B8E00343AD8 /* Debug */ = {
			isa = XCBuildConfiguration;
			buildSettings = {
				CODE_SIGN_STYLE = Automatic;
				CURRENT_PROJECT_VERSION = 1;
				DEVELOPMENT_TEAM = ZCF7ZR4CVF;
				GENERATE_INFOPLIST_FILE = YES;
				INFOPLIST_FILE = SpotlightPreview/Info.plist;
				INFOPLIST_KEY_CFBundleDisplayName = SpotlightPreview;
				INFOPLIST_KEY_NSHumanReadableCopyright = "";
				IPHONEOS_DEPLOYMENT_TARGET = 16.2;
				LD_RUNPATH_SEARCH_PATHS = (
					"$(inherited)",
					"@executable_path/Frameworks",
					"@executable_path/../../Frameworks",
				);
				MARKETING_VERSION = 1.0;
				PRODUCT_BUNDLE_IDENTIFIER = "com.yugantar.My-App.SpotlightPreview";
				PRODUCT_NAME = "$(TARGET_NAME)";
				SKIP_INSTALL = YES;
				SWIFT_EMIT_LOC_STRINGS = YES;
				SWIFT_VERSION = 5.0;
				TARGETED_DEVICE_FAMILY = "1,2";
			};
			name = Debug;
		};
		53BD10B629DC5B8E00343AD8 /* Release */ = {
			isa = XCBuildConfiguration;
			buildSettings = {
				CODE_SIGN_STYLE = Automatic;
				CURRENT_PROJECT_VERSION = 1;
				DEVELOPMENT_TEAM = ZCF7ZR4CVF;
				GENERATE_INFOPLIST_FILE = YES;
				INFOPLIST_FILE = SpotlightPreview/Info.plist;
				INFOPLIST_KEY_CFBundleDisplayName = SpotlightPreview;
				INFOPLIST_KEY_NSHumanReadableCopyright = "";
				IPHONEOS_DEPLOYMENT_TARGET = 16.2;
				LD_RUNPATH_SEARCH_PATHS = (
					"$(inherited)",
					"@executable_path/Frameworks",
					"@executable_path/../../Frameworks",
				);
				MARKETING_VERSION = 1.0;
				PRODUCT_BUNDLE_IDENTIFIER = "com.yugantar.My-App.SpotlightPreview";
				PRODUCT_NAME = "$(TARGET_NAME)";
				SKIP_INSTALL = YES;
				SWIFT_EMIT_LOC_STRINGS = YES;
				SWIFT_VERSION = 5.0;
				TARGETED_DEVICE_FAMILY = "1,2";
			};
			name = Release;
		};
		53E784AD28D79CAE00646650 /* Debug */ = {
			isa = XCBuildConfiguration;
			buildSettings = {
				ALWAYS_SEARCH_USER_PATHS = NO;
				CLANG_ANALYZER_NONNULL = YES;
				CLANG_ANALYZER_NUMBER_OBJECT_CONVERSION = YES_AGGRESSIVE;
				CLANG_CXX_LANGUAGE_STANDARD = "gnu++20";
				CLANG_ENABLE_MODULES = YES;
				CLANG_ENABLE_OBJC_ARC = YES;
				CLANG_ENABLE_OBJC_WEAK = YES;
				CLANG_WARN_BLOCK_CAPTURE_AUTORELEASING = YES;
				CLANG_WARN_BOOL_CONVERSION = YES;
				CLANG_WARN_COMMA = YES;
				CLANG_WARN_CONSTANT_CONVERSION = YES;
				CLANG_WARN_DEPRECATED_OBJC_IMPLEMENTATIONS = YES;
				CLANG_WARN_DIRECT_OBJC_ISA_USAGE = YES_ERROR;
				CLANG_WARN_DOCUMENTATION_COMMENTS = YES;
				CLANG_WARN_EMPTY_BODY = YES;
				CLANG_WARN_ENUM_CONVERSION = YES;
				CLANG_WARN_INFINITE_RECURSION = YES;
				CLANG_WARN_INT_CONVERSION = YES;
				CLANG_WARN_NON_LITERAL_NULL_CONVERSION = YES;
				CLANG_WARN_OBJC_IMPLICIT_RETAIN_SELF = YES;
				CLANG_WARN_OBJC_LITERAL_CONVERSION = YES;
				CLANG_WARN_OBJC_ROOT_CLASS = YES_ERROR;
				CLANG_WARN_QUOTED_INCLUDE_IN_FRAMEWORK_HEADER = YES;
				CLANG_WARN_RANGE_LOOP_ANALYSIS = YES;
				CLANG_WARN_STRICT_PROTOTYPES = YES;
				CLANG_WARN_SUSPICIOUS_MOVE = YES;
				CLANG_WARN_UNGUARDED_AVAILABILITY = YES_AGGRESSIVE;
				CLANG_WARN_UNREACHABLE_CODE = YES;
				CLANG_WARN__DUPLICATE_METHOD_MATCH = YES;
				COPY_PHASE_STRIP = NO;
				DEBUG_INFORMATION_FORMAT = dwarf;
				ENABLE_STRICT_OBJC_MSGSEND = YES;
				ENABLE_TESTABILITY = YES;
				GCC_C_LANGUAGE_STANDARD = gnu11;
				GCC_DYNAMIC_NO_PIC = NO;
				GCC_NO_COMMON_BLOCKS = YES;
				GCC_OPTIMIZATION_LEVEL = 0;
				GCC_PREPROCESSOR_DEFINITIONS = (
					"DEBUG=1",
					"$(inherited)",
				);
				GCC_WARN_64_TO_32_BIT_CONVERSION = YES;
				GCC_WARN_ABOUT_RETURN_TYPE = YES_ERROR;
				GCC_WARN_UNDECLARED_SELECTOR = YES;
				GCC_WARN_UNINITIALIZED_AUTOS = YES_AGGRESSIVE;
				GCC_WARN_UNUSED_FUNCTION = YES;
				GCC_WARN_UNUSED_VARIABLE = YES;
				IPHONEOS_DEPLOYMENT_TARGET = 16.0;
				MTL_ENABLE_DEBUG_INFO = INCLUDE_SOURCE;
				MTL_FAST_MATH = YES;
				ONLY_ACTIVE_ARCH = YES;
				SDKROOT = iphoneos;
				SWIFT_ACTIVE_COMPILATION_CONDITIONS = DEBUG;
				SWIFT_OPTIMIZATION_LEVEL = "-Onone";
			};
			name = Debug;
		};
		53E784AE28D79CAE00646650 /* Release */ = {
			isa = XCBuildConfiguration;
			buildSettings = {
				ALWAYS_SEARCH_USER_PATHS = NO;
				CLANG_ANALYZER_NONNULL = YES;
				CLANG_ANALYZER_NUMBER_OBJECT_CONVERSION = YES_AGGRESSIVE;
				CLANG_CXX_LANGUAGE_STANDARD = "gnu++20";
				CLANG_ENABLE_MODULES = YES;
				CLANG_ENABLE_OBJC_ARC = YES;
				CLANG_ENABLE_OBJC_WEAK = YES;
				CLANG_WARN_BLOCK_CAPTURE_AUTORELEASING = YES;
				CLANG_WARN_BOOL_CONVERSION = YES;
				CLANG_WARN_COMMA = YES;
				CLANG_WARN_CONSTANT_CONVERSION = YES;
				CLANG_WARN_DEPRECATED_OBJC_IMPLEMENTATIONS = YES;
				CLANG_WARN_DIRECT_OBJC_ISA_USAGE = YES_ERROR;
				CLANG_WARN_DOCUMENTATION_COMMENTS = YES;
				CLANG_WARN_EMPTY_BODY = YES;
				CLANG_WARN_ENUM_CONVERSION = YES;
				CLANG_WARN_INFINITE_RECURSION = YES;
				CLANG_WARN_INT_CONVERSION = YES;
				CLANG_WARN_NON_LITERAL_NULL_CONVERSION = YES;
				CLANG_WARN_OBJC_IMPLICIT_RETAIN_SELF = YES;
				CLANG_WARN_OBJC_LITERAL_CONVERSION = YES;
				CLANG_WARN_OBJC_ROOT_CLASS = YES_ERROR;
				CLANG_WARN_QUOTED_INCLUDE_IN_FRAMEWORK_HEADER = YES;
				CLANG_WARN_RANGE_LOOP_ANALYSIS = YES;
				CLANG_WARN_STRICT_PROTOTYPES = YES;
				CLANG_WARN_SUSPICIOUS_MOVE = YES;
				CLANG_WARN_UNGUARDED_AVAILABILITY = YES_AGGRESSIVE;
				CLANG_WARN_UNREACHABLE_CODE = YES;
				CLANG_WARN__DUPLICATE_METHOD_MATCH = YES;
				COPY_PHASE_STRIP = NO;
				DEBUG_INFORMATION_FORMAT = "dwarf-with-dsym";
				ENABLE_NS_ASSERTIONS = NO;
				ENABLE_STRICT_OBJC_MSGSEND = YES;
				GCC_C_LANGUAGE_STANDARD = gnu11;
				GCC_NO_COMMON_BLOCKS = YES;
				GCC_WARN_64_TO_32_BIT_CONVERSION = YES;
				GCC_WARN_ABOUT_RETURN_TYPE = YES_ERROR;
				GCC_WARN_UNDECLARED_SELECTOR = YES;
				GCC_WARN_UNINITIALIZED_AUTOS = YES_AGGRESSIVE;
				GCC_WARN_UNUSED_FUNCTION = YES;
				GCC_WARN_UNUSED_VARIABLE = YES;
				IPHONEOS_DEPLOYMENT_TARGET = 16.0;
				MTL_ENABLE_DEBUG_INFO = NO;
				MTL_FAST_MATH = YES;
				SDKROOT = iphoneos;
				SWIFT_COMPILATION_MODE = wholemodule;
				SWIFT_OPTIMIZATION_LEVEL = "-O";
				VALIDATE_PRODUCT = YES;
			};
			name = Release;
		};
		53E784B028D79CAE00646650 /* Debug */ = {
			isa = XCBuildConfiguration;
			buildSettings = {
				ALWAYS_EMBED_SWIFT_STANDARD_LIBRARIES = YES;
				ASSETCATALOG_COMPILER_APPICON_NAME = AppIcon;
				ASSETCATALOG_COMPILER_GLOBAL_ACCENT_COLOR_NAME = AccentColor;
				CODE_SIGN_STYLE = Automatic;
				CURRENT_PROJECT_VERSION = 1;
				DEVELOPMENT_ASSET_PATHS = "\"My App/Preview Content\"";
				DEVELOPMENT_TEAM = ZCF7ZR4CVF;
				ENABLE_PREVIEWS = YES;
				GENERATE_INFOPLIST_FILE = YES;
				INFOPLIST_FILE = "My-App-Info.plist";
				INFOPLIST_KEY_UIApplicationSceneManifest_Generation = YES;
				INFOPLIST_KEY_UIApplicationSupportsIndirectInputEvents = YES;
				INFOPLIST_KEY_UILaunchScreen_Generation = YES;
				INFOPLIST_KEY_UISupportedInterfaceOrientations_iPad = "UIInterfaceOrientationPortrait UIInterfaceOrientationPortraitUpsideDown UIInterfaceOrientationLandscapeLeft UIInterfaceOrientationLandscapeRight";
				INFOPLIST_KEY_UISupportedInterfaceOrientations_iPhone = "UIInterfaceOrientationPortrait UIInterfaceOrientationLandscapeLeft UIInterfaceOrientationLandscapeRight";
				IPHONEOS_DEPLOYMENT_TARGET = 15.0;
				LD_RUNPATH_SEARCH_PATHS = (
					"$(inherited)",
					"@executable_path/Frameworks",
				);
				MARKETING_VERSION = 1.0;
				PRODUCT_BUNDLE_IDENTIFIER = "com.yugantar.My-App";
				PRODUCT_NAME = "$(TARGET_NAME)";
				SWIFT_EMIT_LOC_STRINGS = YES;
				SWIFT_VERSION = 5.0;
				TARGETED_DEVICE_FAMILY = "1,2";
			};
			name = Debug;
		};
		53E784B128D79CAE00646650 /* Release */ = {
			isa = XCBuildConfiguration;
			buildSettings = {
				ALWAYS_EMBED_SWIFT_STANDARD_LIBRARIES = YES;
				ASSETCATALOG_COMPILER_APPICON_NAME = AppIcon;
				ASSETCATALOG_COMPILER_GLOBAL_ACCENT_COLOR_NAME = AccentColor;
				CODE_SIGN_STYLE = Automatic;
				CURRENT_PROJECT_VERSION = 1;
				DEVELOPMENT_ASSET_PATHS = "\"My App/Preview Content\"";
				DEVELOPMENT_TEAM = ZCF7ZR4CVF;
				ENABLE_PREVIEWS = YES;
				GENERATE_INFOPLIST_FILE = YES;
				INFOPLIST_FILE = "My-App-Info.plist";
				INFOPLIST_KEY_UIApplicationSceneManifest_Generation = YES;
				INFOPLIST_KEY_UIApplicationSupportsIndirectInputEvents = YES;
				INFOPLIST_KEY_UILaunchScreen_Generation = YES;
				INFOPLIST_KEY_UISupportedInterfaceOrientations_iPad = "UIInterfaceOrientationPortrait UIInterfaceOrientationPortraitUpsideDown UIInterfaceOrientationLandscapeLeft UIInterfaceOrientationLandscapeRight";
				INFOPLIST_KEY_UISupportedInterfaceOrientations_iPhone = "UIInterfaceOrientationPortrait UIInterfaceOrientationLandscapeLeft UIInterfaceOrientationLandscapeRight";
				IPHONEOS_DEPLOYMENT_TARGET = 15.0;
				LD_RUNPATH_SEARCH_PATHS = (
					"$(inherited)",
					"@executable_path/Frameworks",
				);
				MARKETING_VERSION = 1.0;
				PRODUCT_BUNDLE_IDENTIFIER = "com.yugantar.My-App";
				PRODUCT_NAME = "$(TARGET_NAME)";
				SWIFT_EMIT_LOC_STRINGS = YES;
				SWIFT_VERSION = 5.0;
				TARGETED_DEVICE_FAMILY = "1,2";
			};
			name = Release;
		};
/* End XCBuildConfiguration section */

/* Begin XCConfigurationList section */
		53BD10B729DC5B8E00343AD8 /* Build configuration list for PBXNativeTarget "SpotlightPreview" */ = {
			isa = XCConfigurationList;
			buildConfigurations = (
				53BD10B529DC5B8E00343AD8 /* Debug */,
				53BD10B629DC5B8E00343AD8 /* Release */,
			);
			defaultConfigurationIsVisible = 0;
			defaultConfigurationName = Release;
		};
		53E7849C28D79CAD00646650 /* Build configuration list for PBXProject "My App" */ = {
			isa = XCConfigurationList;
			buildConfigurations = (
				53E784AD28D79CAE00646650 /* Debug */,
				53E784AE28D79CAE00646650 /* Release */,
			);
			defaultConfigurationIsVisible = 0;
			defaultConfigurationName = Release;
		};
		53E784AF28D79CAE00646650 /* Build configuration list for PBXNativeTarget "My App" */ = {
			isa = XCConfigurationList;
			buildConfigurations = (
				53E784B028D79CAE00646650 /* Debug */,
				53E784B128D79CAE00646650 /* Release */,
			);
			defaultConfigurationIsVisible = 0;
			defaultConfigurationName = Release;
		};
/* End XCConfigurationList section */
	};
	rootObject = 53E7849928D79CAD00646650 /* Project object */;
}
